
Microsoft Visual Studio Solution File, Format Version 12.00
# Visual Studio Version 16
VisualStudioVersion = 16.0.29806.167
MinimumVisualStudioVersion = 10.0.40219.1
Project("{FAE04EC0-301F-11D3-BF4B-00C04F79EFBC}") = "HTLC_ELVISPRIME_WEB", "HTLC_ELVISPRIME_WEB\HTLC_ELVISPRIME_WEB.csproj", "{6B1ECE11-4D4B-47FB-8AC7-096766DCD9FF}"
EndProject
Project("{FAE04EC0-301F-11D3-BF4B-00C04F79EFBC}") = "HTLC_ELVISPRIME_DATA", "HTLC_ELVISPRIME_DATA\HTLC_ELVISPRIME_DATA.csproj", "{B0FD8EEA-4590-4C98-BA99-134F22C11DF8}"
EndProject
Project("{FAE04EC0-301F-11D3-BF4B-00C04F79EFBC}") = "HTLC_ELVISPRIME_COMMON", "HTLC_ELVISPRIME_COMMON\HTLC_ELVISPRIME_COMMON.csproj", "{52D96949-A18B-44F0-8777-89D47C89616D}"
EndProject
Global
	GlobalSection(SolutionConfigurationPlatforms) = preSolution
		Debug|Any CPU = Debug|Any CPU
		Release|Any CPU = Release|Any CPU
	EndGlobalSection
	GlobalSection(ProjectConfigurationPlatforms) = postSolution
		{6B1ECE11-4D4B-47FB-8AC7-096766DCD9FF}.Debug|Any CPU.ActiveCfg = Debug|Any CPU
		{6B1ECE11-4D4B-47FB-8AC7-096766DCD9FF}.Debug|Any CPU.Build.0 = Debug|Any CPU
		{6B1ECE11-4D4B-47FB-8AC7-096766DCD9FF}.Release|Any CPU.ActiveCfg = Release|Any CPU
		{6B1ECE11-4D4B-47FB-8AC7-096766DCD9FF}.Release|Any CPU.Build.0 = Release|Any CPU
		{B0FD8EEA-4590-4C98-BA99-134F22C11DF8}.Debug|Any CPU.ActiveCfg = Debug|Any CPU
		{B0FD8EEA-4590-4C98-BA99-134F22C11DF8}.Debug|Any CPU.Build.0 = Debug|Any CPU
		{B0FD8EEA-4590-4C98-BA99-134F22C11DF8}.Release|Any CPU.ActiveCfg = Release|Any CPU
		{B0FD8EEA-4590-4C98-BA99-134F22C11DF8}.Release|Any CPU.Build.0 = Release|Any CPU
		{52D96949-A18B-44F0-8777-89D47C89616D}.Debug|Any CPU.ActiveCfg = Debug|Any CPU
		{52D96949-A18B-44F0-8777-89D47C89616D}.Debug|Any CPU.Build.0 = Debug|Any CPU
		{52D96949-A18B-44F0-8777-89D47C89616D}.Release|Any CPU.ActiveCfg = Release|Any CPU
		{52D96949-A18B-44F0-8777-89D47C89616D}.Release|Any CPU.Build.0 = Release|Any CPU
	EndGlobalSection
	GlobalSection(SolutionProperties) = preSolution
		HideSolutionNode = FALSE
	EndGlobalSection
	GlobalSection(ExtensibilityGlobals) = postSolution
		SolutionGuid = {DE7EC5EC-3B90-4D71-BC0B-79392AF5CC23}
	EndGlobalSection
EndGlobal
